
Microsoft Visual Studio Solution File, Format Version 12.00
# Visual Studio Version 17
VisualStudioVersion = 17.14.36623.8
MinimumVisualStudioVersion = 10.0.40219.1
Project("{2150E333-8FDC-42A3-9474-1A3956D46DE8}") = "src", "src", "{02EA681E-C7D8-13C7-8484-4AC65E1B71E8}"
EndProject
Project("{2150E333-8FDC-42A3-9474-1A3956D46DE8}") = "test", "test", "{5096A874-72D2-4BD9-916F-3F7F76A65A3F}"
EndProject
Project("{2150E333-8FDC-42A3-9474-1A3956D46DE8}") = "API", "API", "{C6505C3F-F4E5-45CF-A4C7-AF602A89352F}"
EndProject
Project("{2150E333-8FDC-42A3-9474-1A3956D46DE8}") = "Infrastructure", "Infrastructure", "{A6A37A68-2164-419C-8B45-94C5C10A4CA3}"
EndProject
Project("{2150E333-8FDC-42A3-9474-1A3956D46DE8}") = "Core", "Core", "{274D2565-E298-4617-B167-9083F588F4C1}"
EndProject
Project("{2150E333-8FDC-42A3-9474-1A3956D46DE8}") = "UI", "UI", "{33E0FEDE-CFF6-40B7-A5D7-54E87C1AECA4}"
EndProject
Project("{FAE04EC0-301F-11D3-BF4B-00C04F79EFBC}") = "Domain", "Domain\Domain.csproj", "{540B63F0-B0DF-4A24-B81A-61FDA8479A30}"
EndProject
Global
	GlobalSection(SolutionConfigurationPlatforms) = preSolution
		Debug|Any CPU = Debug|Any CPU
		Release|Any CPU = Release|Any CPU
	EndGlobalSection
	GlobalSection(ProjectConfigurationPlatforms) = postSolution
		{540B63F0-B0DF-4A24-B81A-61FDA8479A30}.Debug|Any CPU.ActiveCfg = Debug|Any CPU
		{540B63F0-B0DF-4A24-B81A-61FDA8479A30}.Debug|Any CPU.Build.0 = Debug|Any CPU
		{540B63F0-B0DF-4A24-B81A-61FDA8479A30}.Release|Any CPU.ActiveCfg = Release|Any CPU
		{540B63F0-B0DF-4A24-B81A-61FDA8479A30}.Release|Any CPU.Build.0 = Release|Any CPU
	EndGlobalSection
	GlobalSection(SolutionProperties) = preSolution
		HideSolutionNode = FALSE
	EndGlobalSection
	GlobalSection(NestedProjects) = preSolution
		{C6505C3F-F4E5-45CF-A4C7-AF602A89352F} = {02EA681E-C7D8-13C7-8484-4AC65E1B71E8}
		{A6A37A68-2164-419C-8B45-94C5C10A4CA3} = {02EA681E-C7D8-13C7-8484-4AC65E1B71E8}
		{274D2565-E298-4617-B167-9083F588F4C1} = {02EA681E-C7D8-13C7-8484-4AC65E1B71E8}
		{33E0FEDE-CFF6-40B7-A5D7-54E87C1AECA4} = {02EA681E-C7D8-13C7-8484-4AC65E1B71E8}
		{540B63F0-B0DF-4A24-B81A-61FDA8479A30} = {274D2565-E298-4617-B167-9083F588F4C1}
	EndGlobalSection
	GlobalSection(ExtensibilityGlobals) = postSolution
		SolutionGuid = {F3CF8FE9-490C-43C9-9E44-7A1482231498}
	EndGlobalSection
EndGlobal
